
Microsoft Visual Studio Solution File, Format Version 12.00
# Visual Studio Version 17
VisualStudioVersion = 17.2.32630.192
MinimumVisualStudioVersion = 10.0.40219.1
Project("{FAE04EC0-301F-11D3-BF4B-00C04F79EFBC}") = "Atividade02", "Atividade02\Atividade02.csproj", "{6CCACFAB-EE5C-4C86-81D7-E32C19A0893B}"
EndProject
Global
	GlobalSection(SolutionConfigurationPlatforms) = preSolution
		Debug|Any CPU = Debug|Any CPU
		Release|Any CPU = Release|Any CPU
	EndGlobalSection
	GlobalSection(ProjectConfigurationPlatforms) = postSolution
		{6CCACFAB-EE5C-4C86-81D7-E32C19A0893B}.Debug|Any CPU.ActiveCfg = Debug|Any CPU
		{6CCACFAB-EE5C-4C86-81D7-E32C19A0893B}.Debug|Any CPU.Build.0 = Debug|Any CPU
		{6CCACFAB-EE5C-4C86-81D7-E32C19A0893B}.Release|Any CPU.ActiveCfg = Release|Any CPU
		{6CCACFAB-EE5C-4C86-81D7-E32C19A0893B}.Release|Any CPU.Build.0 = Release|Any CPU
	EndGlobalSection
	GlobalSection(SolutionProperties) = preSolution
		HideSolutionNode = FALSE
	EndGlobalSection
	GlobalSection(ExtensibilityGlobals) = postSolution
		SolutionGuid = {AE6626FE-D5E4-467A-9799-4CE71BE021F4}
	EndGlobalSection
EndGlobal
